// !$*UTF8*$!
{
	archiveVersion = 1;
	classes = {
	};
	objectVersion = 56;
	objects = {

/* Begin PBXBuildFile section */
		2C8E3A2A2C08B45300123456 /* InroCore in Frameworks */ = {isa = PBXBuildFile; productRef = 2C8E3A292C08B45300123456 /* InroCore */; };
		2C8E3A2C2C08B45800123456 /* InroUI in Frameworks */ = {isa = PBXBuildFile; productRef = 2C8E3A2B2C08B45800123456 /* InroUI */; };
		2C8E3A2E2C08B45D00123456 /* InroApp in Frameworks */ = {isa = PBXBuildFile; productRef = 2C8E3A2D2C08B45D00123456 /* InroApp */; };
/* End PBXBuildFile section */

/* Begin PBXFileReference section */
		2C8E3A1A2C08B40000123456 /* Inro.app */ = {isa = PBXFileReference; explicitFileType = wrapper.application; includeInIndex = 0; path = Inro.app; sourceTree = BUILT_PRODUCTS_DIR; };
/* End PBXFileReference section */

/* Begin PBXFrameworksBuildPhase section */
		2C8E3A172C08B40000123456 /* Frameworks */ = {
			isa = PBXFrameworksBuildPhase;
			buildActionMask = 2147483647;
			files = (
				2C8E3A2A2C08B45300123456 /* InroCore in Frameworks */,
				2C8E3A2C2C08B45800123456 /* InroUI in Frameworks */,
				2C8E3A2E2C08B45D00123456 /* InroApp in Frameworks */,
			);
			runOnlyForDeploymentPostprocessing = 0;
		};
/* End PBXFrameworksBuildPhase section */

/* Begin PBXGroup section */
		2C8E3A112C08B40000123456 = {
			isa = PBXGroup;
			children = (
				2C8E3A1B2C08B40000123456 /* Products */,
			);
			sourceTree = "<group>";
		};
		2C8E3A1B2C08B40000123456 /* Products */ = {
			isa = PBXGroup;
			children = (
				2C8E3A1A2C08B40000123456 /* Inro.app */,
			);
			name = Products;
			sourceTree = "<group>";
		};
/* End PBXGroup section */

/* Begin PBXNativeTarget section */
		2C8E3A192C08B40000123456 /* Inro */ = {
			isa = PBXNativeTarget;
			buildConfigurationList = 2C8E3A232C08B40100123456 /* Build configuration list for PBXNativeTarget "Inro" */;
			buildPhases = (
				2C8E3A162C08B40000123456 /* Sources */,
				2C8E3A172C08B40000123456 /* Frameworks */,
				2C8E3A182C08B40000123456 /* Resources */,
			);
			buildRules = (
			);
			dependencies = (
			);
			name = Inro;
			packageProductDependencies = (
				2C8E3A292C08B45300123456 /* InroCore */,
				2C8E3A2B2C08B45800123456 /* InroUI */,
				2C8E3A2D2C08B45D00123456 /* InroApp */,
			);
			productName = Inro;
			productReference = 2C8E3A1A2C08B40000123456 /* Inro.app */;
			productType = "com.apple.product-type.application";
		};
/* End PBXNativeTarget section */

/* Begin PBXProject section */
		2C8E3A122C08B40000123456 /* Project object */ = {
			isa = PBXProject;
			attributes = {
				BuildIndependentTargetsInParallel = 1;
				LastSwiftUpdateCheck = 1500;
				LastUpgradeCheck = 1500;
				TargetAttributes = {
					2C8E3A192C08B40000123456 = {
						CreatedOnToolsVersion = 15.0;
					};
				};
			};
			buildConfigurationList = 2C8E3A152C08B40000123456 /* Build configuration list for PBXProject "Inro" */;
			compatibilityVersion = "Xcode 14.0";
			developmentRegion = en;
			hasScannedForEncodings = 0;
			knownRegions = (
				en,
				Base,
				ja,
			);
			mainGroup = 2C8E3A112C08B40000123456;
			packageReferences = (
				2C8E3A282C08B44D00123456 /* XCLocalSwiftPackageReference ".." */,
			);
			productRefGroup = 2C8E3A1B2C08B40000123456 /* Products */;
			projectDirPath = "";
			projectRoot = "";
			targets = (
				2C8E3A192C08B40000123456 /* Inro */,
			);
		};
/* End PBXProject section */

/* Begin PBXResourcesBuildPhase section */
		2C8E3A182C08B40000123456 /* Resources */ = {
			isa = PBXResourcesBuildPhase;
			buildActionMask = 2147483647;
			files = (
			);
			runOnlyForDeploymentPostprocessing = 0;
		};
/* End PBXResourcesBuildPhase section */

/* Begin PBXSourcesBuildPhase section */
		2C8E3A162C08B40000123456 /* Sources */ = {
			isa = PBXSourcesBuildPhase;
			buildActionMask = 2147483647;
			files = (
			);
			runOnlyForDeploymentPostprocessing = 0;
		};
/* End PBXSourcesBuildPhase section */

/* Begin XCBuildConfiguration section */
		2C8E3A212C08B40100123456 /* Debug */ = {
			isa = XCBuildConfiguration;
			buildSettings = {
				ALWAYS_SEARCH_USER_PATHS = NO;
				CLANG_ANALYZER_NONNULL = YES;
				CLANG_ANALYZER_NUMBER_OBJECT_CONVERSION = YES_AGGRESSIVE;
				CLANG_CXX_LANGUAGE_STANDARD = "gnu++20";
				CLANG_ENABLE_MODULES = YES;
				CLANG_ENABLE_OBJC_ARC = YES;
				CLANG_ENABLE_OBJC_WEAK = YES;
				CLANG_WARN_DIRECT_OBJC_ISA_USAGE = YES_ERROR;
				CLANG_WARN_DOCUMENTATION_COMMENTS = YES;
				CLANG_WARN_OBJC_ROOT_CLASS = YES_ERROR;
				CLANG_WARN_UNGUARDED_AVAILABILITY = YES_AGGRESSIVE;
				COPY_PHASE_STRIP = NO;
				DEBUG_INFORMATION_FORMAT = dwarf;
				ENABLE_STRICT_OBJC_MSGSEND = YES;
				ENABLE_TESTABILITY = YES;
				GCC_C_LANGUAGE_STANDARD = gnu11;
				GCC_DYNAMIC_NO_PIC = NO;
				GCC_NO_COMMON_BLOCKS = YES;
				GCC_OPTIMIZATION_LEVEL = 0;
				GCC_PREPROCESSOR_DEFINITIONS = (
					"DEBUG=1",
					"$(inherited)",
				);
				GCC_WARN_ABOUT_RETURN_TYPE = YES_ERROR;
				GCC_WARN_UNINITIALIZED_AUTOS = YES_AGGRESSIVE;
				GCC_WARN_UNUSED_FUNCTION = YES;
				GCC_WARN_UNUSED_VARIABLE = YES;
				IPHONEOS_DEPLOYMENT_TARGET = 17.0;
				MTL_ENABLE_DEBUG_INFO = INCLUDE_SOURCE;
				MTL_FAST_MATH = YES;
				ONLY_ACTIVE_ARCH = YES;
				SDKROOT = iphoneos;
				SWIFT_ACTIVE_COMPILATION_CONDITIONS = DEBUG;
				SWIFT_OPTIMIZATION_LEVEL = "-Onone";
			};
			name = Debug;
		};
		2C8E3A222C08B40100123456 /* Release */ = {
			isa = XCBuildConfiguration;
			buildSettings = {
				ALWAYS_SEARCH_USER_PATHS = NO;
				CLANG_ANALYZER_NONNULL = YES;
				CLANG_ANALYZER_NUMBER_OBJECT_CONVERSION = YES_AGGRESSIVE;
				CLANG_CXX_LANGUAGE_STANDARD = "gnu++20";
				CLANG_ENABLE_MODULES = YES;
				CLANG_ENABLE_OBJC_ARC = YES;
				CLANG_ENABLE_OBJC_WEAK = YES;
				CLANG_WARN_DIRECT_OBJC_ISA_USAGE = YES_ERROR;
				CLANG_WARN_DOCUMENTATION_COMMENTS = YES;
				CLANG_WARN_OBJC_ROOT_CLASS = YES_ERROR;
				CLANG_WARN_UNGUARDED_AVAILABILITY = YES_AGGRESSIVE;
				COPY_PHASE_STRIP = NO;
				DEBUG_INFORMATION_FORMAT = "dwarf-with-dsym";
				ENABLE_NS_ASSERTIONS = NO;
				ENABLE_STRICT_OBJC_MSGSEND = YES;
				GCC_C_LANGUAGE_STANDARD = gnu11;
				GCC_NO_COMMON_BLOCKS = YES;
				GCC_WARN_ABOUT_RETURN_TYPE = YES_ERROR;
				GCC_WARN_UNINITIALIZED_AUTOS = YES_AGGRESSIVE;
				GCC_WARN_UNUSED_FUNCTION = YES;
				GCC_WARN_UNUSED_VARIABLE = YES;
				IPHONEOS_DEPLOYMENT_TARGET = 17.0;
				MTL_ENABLE_DEBUG_INFO = NO;
				MTL_FAST_MATH = YES;
				SDKROOT = iphoneos;
				SWIFT_COMPILATION_MODE = wholemodule;
				SWIFT_OPTIMIZATION_LEVEL = "-O";
				VALIDATE_PRODUCT = YES;
			};
			name = Release;
		};
		2C8E3A242C08B40100123456 /* Debug */ = {
			isa = XCBuildConfiguration;
			buildSettings = {
				ASSETCATALOG_COMPILER_APPICON_NAME = AppIcon;
				CODE_SIGN_ENTITLEMENTS = ../InroApp/Sources/Inro.entitlements;
				CODE_SIGN_STYLE = Automatic;
				CURRENT_PROJECT_VERSION = 1;
				DEVELOPMENT_TEAM = "";
				GENERATE_INFOPLIST_FILE = NO;
				INFOPLIST_FILE = ../InroApp/Sources/Info.plist;
				INFOPLIST_KEY_CFBundleDisplayName = Inro;
				INFOPLIST_KEY_NSCameraUsageDescription = "Inro needs camera access to scan QR codes for age verification";
				INFOPLIST_KEY_NFCReaderUsageDescription = "Inro needs NFC access to read your MyNumber Card for age verification";
				INFOPLIST_KEY_UIApplicationSupportsIndirectInputEvents = YES;
				INFOPLIST_KEY_UILaunchStoryboardName = "";
				INFOPLIST_KEY_UIRequiredDeviceCapabilities = (
					"nfc",
				);
				INFOPLIST_KEY_UISupportedInterfaceOrientations = UIInterfaceOrientationPortrait;
				INFOPLIST_KEY_UISupportedInterfaceOrientations_iPad = "UIInterfaceOrientationLandscapeLeft UIInterfaceOrientationLandscapeRight UIInterfaceOrientationPortrait UIInterfaceOrientationPortraitUpsideDown";
				LD_RUNPATH_SEARCH_PATHS = (
					"$(inherited)",
					"@executable_path/Frameworks",
				);
				MARKETING_VERSION = 1.0;
				PRODUCT_BUNDLE_IDENTIFIER = "com.inro.age-verification";
				PRODUCT_NAME = "$(TARGET_NAME)";
				SWIFT_EMIT_LOC_STRINGS = YES;
				SWIFT_VERSION = 5.9;
				TARGETED_DEVICE_FAMILY = "1,2";
			};
			name = Debug;
		};
		2C8E3A252C08B40100123456 /* Release */ = {
			isa = XCBuildConfiguration;
			buildSettings = {
				ASSETCATALOG_COMPILER_APPICON_NAME = AppIcon;
				CODE_SIGN_ENTITLEMENTS = ../InroApp/Sources/Inro.entitlements;
				CODE_SIGN_STYLE = Automatic;
				CURRENT_PROJECT_VERSION = 1;
				DEVELOPMENT_TEAM = "";
				GENERATE_INFOPLIST_FILE = NO;
				INFOPLIST_FILE = ../InroApp/Sources/Info.plist;
				INFOPLIST_KEY_CFBundleDisplayName = Inro;
				INFOPLIST_KEY_NSCameraUsageDescription = "Inro needs camera access to scan QR codes for age verification";
				INFOPLIST_KEY_NFCReaderUsageDescription = "Inro needs NFC access to read your MyNumber Card for age verification";
				INFOPLIST_KEY_UIApplicationSupportsIndirectInputEvents = YES;
				INFOPLIST_KEY_UILaunchStoryboardName = "";
				INFOPLIST_KEY_UIRequiredDeviceCapabilities = (
					"nfc",
				);
				INFOPLIST_KEY_UISupportedInterfaceOrientations = UIInterfaceOrientationPortrait;
				INFOPLIST_KEY_UISupportedInterfaceOrientations_iPad = "UIInterfaceOrientationLandscapeLeft UIInterfaceOrientationLandscapeRight UIInterfaceOrientationPortrait UIInterfaceOrientationPortraitUpsideDown";
				LD_RUNPATH_SEARCH_PATHS = (
					"$(inherited)",
					"@executable_path/Frameworks",
				);
				MARKETING_VERSION = 1.0;
				PRODUCT_BUNDLE_IDENTIFIER = "com.inro.age-verification";
				PRODUCT_NAME = "$(TARGET_NAME)";
				SWIFT_EMIT_LOC_STRINGS = YES;
				SWIFT_VERSION = 5.9;
				TARGETED_DEVICE_FAMILY = "1,2";
			};
			name = Release;
		};
/* End XCBuildConfiguration section */

/* Begin XCConfigurationList section */
		2C8E3A152C08B40000123456 /* Build configuration list for PBXProject "Inro" */ = {
			isa = XCConfigurationList;
			buildConfigurations = (
				2C8E3A212C08B40100123456 /* Debug */,
				2C8E3A222C08B40100123456 /* Release */,
			);
			defaultConfigurationIsVisible = 0;
			defaultConfigurationName = Release;
		};
		2C8E3A232C08B40100123456 /* Build configuration list for PBXNativeTarget "Inro" */ = {
			isa = XCConfigurationList;
			buildConfigurations = (
				2C8E3A242C08B40100123456 /* Debug */,
				2C8E3A252C08B40100123456 /* Release */,
			);
			defaultConfigurationIsVisible = 0;
			defaultConfigurationName = Release;
		};
/* End XCConfigurationList section */

/* Begin XCLocalSwiftPackageReference section */
		2C8E3A282C08B44D00123456 /* XCLocalSwiftPackageReference ".." */ = {
			isa = XCLocalSwiftPackageReference;
			relativePath = ..;
		};
/* End XCLocalSwiftPackageReference section */

/* Begin XCSwiftPackageProductDependency section */
		2C8E3A292C08B45300123456 /* InroCore */ = {
			isa = XCSwiftPackageProductDependency;
			package = 2C8E3A282C08B44D00123456 /* XCLocalSwiftPackageReference ".." */;
			productName = InroCore;
		};
		2C8E3A2B2C08B45800123456 /* InroUI */ = {
			isa = XCSwiftPackageProductDependency;
			package = 2C8E3A282C08B44D00123456 /* XCLocalSwiftPackageReference ".." */;
			productName = InroUI;
		};
		2C8E3A2D2C08B45D00123456 /* InroApp */ = {
			isa = XCSwiftPackageProductDependency;
			package = 2C8E3A282C08B44D00123456 /* XCLocalSwiftPackageReference ".." */;
			productName = InroApp;
		};
/* End XCSwiftPackageProductDependency section */
	};
	rootObject = 2C8E3A122C08B40000123456 /* Project object */;
}